
Microsoft Visual Studio Solution File, Format Version 12.00
# Visual Studio Version 16
VisualStudioVersion = 16.0.30225.117
MinimumVisualStudioVersion = 10.0.40219.1
Project("{FAE04EC0-301F-11D3-BF4B-00C04F79EFBC}") = "ChineseNumberConvert", "ChineseNumberConvert\ChineseNumberConvert.csproj", "{7C21829C-1CF2-42BE-8D25-EF0E42734147}"
EndProject
Global
	GlobalSection(SolutionConfigurationPlatforms) = preSolution
		Debug|Any CPU = Debug|Any CPU
		Release|Any CPU = Release|Any CPU
	EndGlobalSection
	GlobalSection(ProjectConfigurationPlatforms) = postSolution
		{7C21829C-1CF2-42BE-8D25-EF0E42734147}.Debug|Any CPU.ActiveCfg = Debug|Any CPU
		{7C21829C-1CF2-42BE-8D25-EF0E42734147}.Debug|Any CPU.Build.0 = Debug|Any CPU
		{7C21829C-1CF2-42BE-8D25-EF0E42734147}.Release|Any CPU.ActiveCfg = Release|Any CPU
		{7C21829C-1CF2-42BE-8D25-EF0E42734147}.Release|Any CPU.Build.0 = Release|Any CPU
	EndGlobalSection
	GlobalSection(SolutionProperties) = preSolution
		HideSolutionNode = FALSE
	EndGlobalSection
	GlobalSection(ExtensibilityGlobals) = postSolution
		SolutionGuid = {09DFB458-C6E9-4F0A-AC54-CD366C621F46}
	EndGlobalSection
EndGlobal
